// !$*UTF8*$!
{
	archiveVersion = 1;
	classes = {
	};
	objectVersion = 46;
	objects = {

/* Begin PBXBuildFile section */
		17BD2FCC1AA87724003C9470 /* main.m in Sources */ = {isa = PBXBuildFile; fileRef = 17BD2FCB1AA87724003C9470 /* main.m */; };
		17BD2FCF1AA87724003C9470 /* AppDelegate.m in Sources */ = {isa = PBXBuildFile; fileRef = 17BD2FCE1AA87724003C9470 /* AppDelegate.m */; };
		17BD2FD21AA87724003C9470 /* ViewController.m in Sources */ = {isa = PBXBuildFile; fileRef = 17BD2FD11AA87724003C9470 /* ViewController.m */; };
		17BD2FD71AA87724003C9470 /* Images.xcassets in Resources */ = {isa = PBXBuildFile; fileRef = 17BD2FD61AA87724003C9470 /* Images.xcassets */; };
		17BD2FDA1AA87724003C9470 /* LaunchScreen.xib in Resources */ = {isa = PBXBuildFile; fileRef = 17BD2FD81AA87724003C9470 /* LaunchScreen.xib */; };
		17BD2FE61AA87724003C9470 /* wuyuTests.m in Sources */ = {isa = PBXBuildFile; fileRef = 17BD2FE51AA87724003C9470 /* wuyuTests.m */; };
		17BD2FF71AA87818003C9470 /* WYRootTabBarController.m in Sources */ = {isa = PBXBuildFile; fileRef = 17BD2FF61AA87818003C9470 /* WYRootTabBarController.m */; };
		17BD2FFA1AA87F69003C9470 /* WYNavigationController.m in Sources */ = {isa = PBXBuildFile; fileRef = 17BD2FF91AA87F69003C9470 /* WYNavigationController.m */; };
		17BD2FFD1AA87F83003C9470 /* WYTestViewController.m in Sources */ = {isa = PBXBuildFile; fileRef = 17BD2FFC1AA87F83003C9470 /* WYTestViewController.m */; };
		17BD30001AA884E1003C9470 /* WYBaswViewController.m in Sources */ = {isa = PBXBuildFile; fileRef = 17BD2FFF1AA884E1003C9470 /* WYBaswViewController.m */; };
		17BD30031AA899AF003C9470 /* WYActivity.m in Sources */ = {isa = PBXBuildFile; fileRef = 17BD30021AA899AE003C9470 /* WYActivity.m */; };
		17BD30061AA8B528003C9470 /* WYApi.m in Sources */ = {isa = PBXBuildFile; fileRef = 17BD30051AA8B528003C9470 /* WYApi.m */; };
		C14DF3ED5D8C9526032A0972 /* libPods.a in Frameworks */ = {isa = PBXBuildFile; fileRef = E4B64B610E895C17C6A9AEA4 /* libPods.a */; };
/* End PBXBuildFile section */

/* Begin PBXContainerItemProxy section */
		17BD2FE01AA87724003C9470 /* PBXContainerItemProxy */ = {
			isa = PBXContainerItemProxy;
			containerPortal = 17BD2FBE1AA87724003C9470 /* Project object */;
			proxyType = 1;
			remoteGlobalIDString = 17BD2FC51AA87724003C9470;
			remoteInfo = wuyu;
		};
/* End PBXContainerItemProxy section */

/* Begin PBXFileReference section */
		17BD2FC61AA87724003C9470 /* wuyu.app */ = {isa = PBXFileReference; explicitFileType = wrapper.application; includeInIndex = 0; path = wuyu.app; sourceTree = BUILT_PRODUCTS_DIR; };
		17BD2FCA1AA87724003C9470 /* Info.plist */ = {isa = PBXFileReference; lastKnownFileType = text.plist.xml; path = Info.plist; sourceTree = "<group>"; };
		17BD2FCB1AA87724003C9470 /* main.m */ = {isa = PBXFileReference; lastKnownFileType = sourcecode.c.objc; path = main.m; sourceTree = "<group>"; };
		17BD2FCD1AA87724003C9470 /* AppDelegate.h */ = {isa = PBXFileReference; lastKnownFileType = sourcecode.c.h; path = AppDelegate.h; sourceTree = "<group>"; };
		17BD2FCE1AA87724003C9470 /* AppDelegate.m */ = {isa = PBXFileReference; lastKnownFileType = sourcecode.c.objc; path = AppDelegate.m; sourceTree = "<group>"; };
		17BD2FD01AA87724003C9470 /* ViewController.h */ = {isa = PBXFileReference; lastKnownFileType = sourcecode.c.h; path = ViewController.h; sourceTree = "<group>"; };
		17BD2FD11AA87724003C9470 /* ViewController.m */ = {isa = PBXFileReference; lastKnownFileType = sourcecode.c.objc; path = ViewController.m; sourceTree = "<group>"; };
		17BD2FD61AA87724003C9470 /* Images.xcassets */ = {isa = PBXFileReference; lastKnownFileType = folder.assetcatalog; path = Images.xcassets; sourceTree = "<group>"; };
		17BD2FD91AA87724003C9470 /* Base */ = {isa = PBXFileReference; lastKnownFileType = file.xib; name = Base; path = Base.lproj/LaunchScreen.xib; sourceTree = "<group>"; };
		17BD2FDF1AA87724003C9470 /* wuyuTests.xctest */ = {isa = PBXFileReference; explicitFileType = wrapper.cfbundle; includeInIndex = 0; path = wuyuTests.xctest; sourceTree = BUILT_PRODUCTS_DIR; };
		17BD2FE41AA87724003C9470 /* Info.plist */ = {isa = PBXFileReference; lastKnownFileType = text.plist.xml; path = Info.plist; sourceTree = "<group>"; };
		17BD2FE51AA87724003C9470 /* wuyuTests.m */ = {isa = PBXFileReference; lastKnownFileType = sourcecode.c.objc; path = wuyuTests.m; sourceTree = "<group>"; };
		17BD2FF51AA87818003C9470 /* WYRootTabBarController.h */ = {isa = PBXFileReference; fileEncoding = 4; lastKnownFileType = sourcecode.c.h; path = WYRootTabBarController.h; sourceTree = "<group>"; };
		17BD2FF61AA87818003C9470 /* WYRootTabBarController.m */ = {isa = PBXFileReference; fileEncoding = 4; lastKnownFileType = sourcecode.c.objc; path = WYRootTabBarController.m; sourceTree = "<group>"; };
		17BD2FF81AA87F69003C9470 /* WYNavigationController.h */ = {isa = PBXFileReference; fileEncoding = 4; lastKnownFileType = sourcecode.c.h; path = WYNavigationController.h; sourceTree = "<group>"; };
		17BD2FF91AA87F69003C9470 /* WYNavigationController.m */ = {isa = PBXFileReference; fileEncoding = 4; lastKnownFileType = sourcecode.c.objc; path = WYNavigationController.m; sourceTree = "<group>"; };
		17BD2FFB1AA87F83003C9470 /* WYTestViewController.h */ = {isa = PBXFileReference; fileEncoding = 4; lastKnownFileType = sourcecode.c.h; path = WYTestViewController.h; sourceTree = "<group>"; };
		17BD2FFC1AA87F83003C9470 /* WYTestViewController.m */ = {isa = PBXFileReference; fileEncoding = 4; lastKnownFileType = sourcecode.c.objc; path = WYTestViewController.m; sourceTree = "<group>"; };
		17BD2FFE1AA884E1003C9470 /* WYBaswViewController.h */ = {isa = PBXFileReference; fileEncoding = 4; lastKnownFileType = sourcecode.c.h; path = WYBaswViewController.h; sourceTree = "<group>"; };
		17BD2FFF1AA884E1003C9470 /* WYBaswViewController.m */ = {isa = PBXFileReference; fileEncoding = 4; lastKnownFileType = sourcecode.c.objc; path = WYBaswViewController.m; sourceTree = "<group>"; };
		17BD30011AA899AE003C9470 /* WYActivity.h */ = {isa = PBXFileReference; fileEncoding = 4; lastKnownFileType = sourcecode.c.h; path = WYActivity.h; sourceTree = "<group>"; };
		17BD30021AA899AE003C9470 /* WYActivity.m */ = {isa = PBXFileReference; fileEncoding = 4; lastKnownFileType = sourcecode.c.objc; path = WYActivity.m; sourceTree = "<group>"; };
		17BD30041AA8B528003C9470 /* WYApi.h */ = {isa = PBXFileReference; fileEncoding = 4; lastKnownFileType = sourcecode.c.h; path = WYApi.h; sourceTree = "<group>"; };
		17BD30051AA8B528003C9470 /* WYApi.m */ = {isa = PBXFileReference; fileEncoding = 4; lastKnownFileType = sourcecode.c.objc; path = WYApi.m; sourceTree = "<group>"; };
		AFA07AFF94C73E118D0E4D64 /* Pods.release.xcconfig */ = {isa = PBXFileReference; includeInIndex = 1; lastKnownFileType = text.xcconfig; name = Pods.release.xcconfig; path = "Pods/Target Support Files/Pods/Pods.release.xcconfig"; sourceTree = "<group>"; };
		D62237C1C66812E65A6F23E1 /* Pods.debug.xcconfig */ = {isa = PBXFileReference; includeInIndex = 1; lastKnownFileType = text.xcconfig; name = Pods.debug.xcconfig; path = "Pods/Target Support Files/Pods/Pods.debug.xcconfig"; sourceTree = "<group>"; };
		E4B64B610E895C17C6A9AEA4 /* libPods.a */ = {isa = PBXFileReference; explicitFileType = archive.ar; includeInIndex = 0; path = libPods.a; sourceTree = BUILT_PRODUCTS_DIR; };
/* End PBXFileReference section */

/* Begin PBXFrameworksBuildPhase section */
		17BD2FC31AA87724003C9470 /* Frameworks */ = {
			isa = PBXFrameworksBuildPhase;
			buildActionMask = 2147483647;
			files = (
				C14DF3ED5D8C9526032A0972 /* libPods.a in Frameworks */,
			);
			runOnlyForDeploymentPostprocessing = 0;
		};
		17BD2FDC1AA87724003C9470 /* Frameworks */ = {
			isa = PBXFrameworksBuildPhase;
			buildActionMask = 2147483647;
			files = (
			);
			runOnlyForDeploymentPostprocessing = 0;
		};
/* End PBXFrameworksBuildPhase section */

/* Begin PBXGroup section */
		17BD2FBD1AA87724003C9470 = {
			isa = PBXGroup;
			children = (
				17BD2FC81AA87724003C9470 /* wuyu */,
				17BD2FE21AA87724003C9470 /* wuyuTests */,
				17BD2FC71AA87724003C9470 /* Products */,
				D8274DEBF51D4C9A9F76A7F2 /* Pods */,
				41A06EC602D26E817956E8C1 /* Frameworks */,
			);
			sourceTree = "<group>";
		};
		17BD2FC71AA87724003C9470 /* Products */ = {
			isa = PBXGroup;
			children = (
				17BD2FC61AA87724003C9470 /* wuyu.app */,
				17BD2FDF1AA87724003C9470 /* wuyuTests.xctest */,
			);
			name = Products;
			sourceTree = "<group>";
		};
		17BD2FC81AA87724003C9470 /* wuyu */ = {
			isa = PBXGroup;
			children = (
				17BD2FEF1AA877E2003C9470 /* Views */,
				17BD2FF01AA877E2003C9470 /* ViewControllers */,
				17BD2FF11AA877E2003C9470 /* Resources */,
				17BD2FF21AA877E2003C9470 /* Models */,
				17BD2FF31AA877E2003C9470 /* Images */,
				17BD2FF41AA877E2003C9470 /* Helpers */,
				17BD2FCD1AA87724003C9470 /* AppDelegate.h */,
				17BD2FCE1AA87724003C9470 /* AppDelegate.m */,
				17BD2FD01AA87724003C9470 /* ViewController.h */,
				17BD2FD11AA87724003C9470 /* ViewController.m */,
				17BD2FD61AA87724003C9470 /* Images.xcassets */,
				17BD2FD81AA87724003C9470 /* LaunchScreen.xib */,
				17BD2FC91AA87724003C9470 /* Supporting Files */,
			);
			path = wuyu;
			sourceTree = "<group>";
		};
		17BD2FC91AA87724003C9470 /* Supporting Files */ = {
			isa = PBXGroup;
			children = (
				17BD2FCA1AA87724003C9470 /* Info.plist */,
				17BD2FCB1AA87724003C9470 /* main.m */,
			);
			name = "Supporting Files";
			sourceTree = "<group>";
		};
		17BD2FE21AA87724003C9470 /* wuyuTests */ = {
			isa = PBXGroup;
			children = (
				17BD2FE51AA87724003C9470 /* wuyuTests.m */,
				17BD2FE31AA87724003C9470 /* Supporting Files */,
			);
			path = wuyuTests;
			sourceTree = "<group>";
		};
		17BD2FE31AA87724003C9470 /* Supporting Files */ = {
			isa = PBXGroup;
			children = (
				17BD2FE41AA87724003C9470 /* Info.plist */,
			);
			name = "Supporting Files";
			sourceTree = "<group>";
		};
		17BD2FEF1AA877E2003C9470 /* Views */ = {
			isa = PBXGroup;
			children = (
			);
			path = Views;
			sourceTree = "<group>";
		};
		17BD2FF01AA877E2003C9470 /* ViewControllers */ = {
			isa = PBXGroup;
			children = (
				17BD2FF51AA87818003C9470 /* WYRootTabBarController.h */,
				17BD2FF61AA87818003C9470 /* WYRootTabBarController.m */,
				17BD2FF81AA87F69003C9470 /* WYNavigationController.h */,
				17BD2FF91AA87F69003C9470 /* WYNavigationController.m */,
				17BD2FFB1AA87F83003C9470 /* WYTestViewController.h */,
				17BD2FFC1AA87F83003C9470 /* WYTestViewController.m */,
				17BD2FFE1AA884E1003C9470 /* WYBaswViewController.h */,
				17BD2FFF1AA884E1003C9470 /* WYBaswViewController.m */,
			);
			path = ViewControllers;
			sourceTree = "<group>";
		};
		17BD2FF11AA877E2003C9470 /* Resources */ = {
			isa = PBXGroup;
			children = (
			);
			path = Resources;
			sourceTree = "<group>";
		};
		17BD2FF21AA877E2003C9470 /* Models */ = {
			isa = PBXGroup;
			children = (
				17BD30011AA899AE003C9470 /* WYActivity.h */,
				17BD30021AA899AE003C9470 /* WYActivity.m */,
				17BD30041AA8B528003C9470 /* WYApi.h */,
				17BD30051AA8B528003C9470 /* WYApi.m */,
			);
			path = Models;
			sourceTree = "<group>";
		};
		17BD2FF31AA877E2003C9470 /* Images */ = {
			isa = PBXGroup;
			children = (
			);
			path = Images;
			sourceTree = "<group>";
		};
		17BD2FF41AA877E2003C9470 /* Helpers */ = {
			isa = PBXGroup;
			children = (
			);
			path = Helpers;
			sourceTree = "<group>";
		};
		41A06EC602D26E817956E8C1 /* Frameworks */ = {
			isa = PBXGroup;
			children = (
				E4B64B610E895C17C6A9AEA4 /* libPods.a */,
			);
			name = Frameworks;
			sourceTree = "<group>";
		};
		D8274DEBF51D4C9A9F76A7F2 /* Pods */ = {
			isa = PBXGroup;
			children = (
				D62237C1C66812E65A6F23E1 /* Pods.debug.xcconfig */,
				AFA07AFF94C73E118D0E4D64 /* Pods.release.xcconfig */,
			);
			name = Pods;
			sourceTree = "<group>";
		};
/* End PBXGroup section */

/* Begin PBXNativeTarget section */
		17BD2FC51AA87724003C9470 /* wuyu */ = {
			isa = PBXNativeTarget;
			buildConfigurationList = 17BD2FE91AA87724003C9470 /* Build configuration list for PBXNativeTarget "wuyu" */;
			buildPhases = (
				EE5AAF6062BE46DDE6A923A5 /* Check Pods Manifest.lock */,
				17BD2FC21AA87724003C9470 /* Sources */,
				17BD2FC31AA87724003C9470 /* Frameworks */,
				17BD2FC41AA87724003C9470 /* Resources */,
				1EABF4B71C77930824350BCA /* Copy Pods Resources */,
			);
			buildRules = (
			);
			dependencies = (
			);
			name = wuyu;
			productName = wuyu;
			productReference = 17BD2FC61AA87724003C9470 /* wuyu.app */;
			productType = "com.apple.product-type.application";
		};
		17BD2FDE1AA87724003C9470 /* wuyuTests */ = {
			isa = PBXNativeTarget;
			buildConfigurationList = 17BD2FEC1AA87724003C9470 /* Build configuration list for PBXNativeTarget "wuyuTests" */;
			buildPhases = (
				17BD2FDB1AA87724003C9470 /* Sources */,
				17BD2FDC1AA87724003C9470 /* Frameworks */,
				17BD2FDD1AA87724003C9470 /* Resources */,
			);
			buildRules = (
			);
			dependencies = (
				17BD2FE11AA87724003C9470 /* PBXTargetDependency */,
			);
			name = wuyuTests;
			productName = wuyuTests;
			productReference = 17BD2FDF1AA87724003C9470 /* wuyuTests.xctest */;
			productType = "com.apple.product-type.bundle.unit-test";
		};
/* End PBXNativeTarget section */

/* Begin PBXProject section */
		17BD2FBE1AA87724003C9470 /* Project object */ = {
			isa = PBXProject;
			attributes = {
				LastUpgradeCheck = 0610;
				ORGANIZATIONNAME = YAGAMI;
				TargetAttributes = {
					17BD2FC51AA87724003C9470 = {
						CreatedOnToolsVersion = 6.1.1;
					};
					17BD2FDE1AA87724003C9470 = {
						CreatedOnToolsVersion = 6.1.1;
						TestTargetID = 17BD2FC51AA87724003C9470;
					};
				};
			};
			buildConfigurationList = 17BD2FC11AA87724003C9470 /* Build configuration list for PBXProject "wuyu" */;
			compatibilityVersion = "Xcode 3.2";
			developmentRegion = English;
			hasScannedForEncodings = 0;
			knownRegions = (
				en,
				Base,
			);
			mainGroup = 17BD2FBD1AA87724003C9470;
			productRefGroup = 17BD2FC71AA87724003C9470 /* Products */;
			projectDirPath = "";
			projectRoot = "";
			targets = (
				17BD2FC51AA87724003C9470 /* wuyu */,
				17BD2FDE1AA87724003C9470 /* wuyuTests */,
			);
		};
/* End PBXProject section */

/* Begin PBXResourcesBuildPhase section */
		17BD2FC41AA87724003C9470 /* Resources */ = {
			isa = PBXResourcesBuildPhase;
			buildActionMask = 2147483647;
			files = (
				17BD2FDA1AA87724003C9470 /* LaunchScreen.xib in Resources */,
				17BD2FD71AA87724003C9470 /* Images.xcassets in Resources */,
			);
			runOnlyForDeploymentPostprocessing = 0;
		};
		17BD2FDD1AA87724003C9470 /* Resources */ = {
			isa = PBXResourcesBuildPhase;
			buildActionMask = 2147483647;
			files = (
			);
			runOnlyForDeploymentPostprocessing = 0;
		};
/* End PBXResourcesBuildPhase section */

/* Begin PBXShellScriptBuildPhase section */
		1EABF4B71C77930824350BCA /* Copy Pods Resources */ = {
			isa = PBXShellScriptBuildPhase;
			buildActionMask = 2147483647;
			files = (
			);
			inputPaths = (
			);
			name = "Copy Pods Resources";
			outputPaths = (
			);
			runOnlyForDeploymentPostprocessing = 0;
			shellPath = /bin/sh;
			shellScript = "\"${SRCROOT}/Pods/Target Support Files/Pods/Pods-resources.sh\"\n";
			showEnvVarsInLog = 0;
		};
		EE5AAF6062BE46DDE6A923A5 /* Check Pods Manifest.lock */ = {
			isa = PBXShellScriptBuildPhase;
			buildActionMask = 2147483647;
			files = (
			);
			inputPaths = (
			);
			name = "Check Pods Manifest.lock";
			outputPaths = (
			);
			runOnlyForDeploymentPostprocessing = 0;
			shellPath = /bin/sh;
			shellScript = "diff \"${PODS_ROOT}/../Podfile.lock\" \"${PODS_ROOT}/Manifest.lock\" > /dev/null\nif [[ $? != 0 ]] ; then\n    cat << EOM\nerror: The sandbox is not in sync with the Podfile.lock. Run 'pod install' or update your CocoaPods installation.\nEOM\n    exit 1\nfi\n";
			showEnvVarsInLog = 0;
		};
/* End PBXShellScriptBuildPhase section */

/* Begin PBXSourcesBuildPhase section */
		17BD2FC21AA87724003C9470 /* Sources */ = {
			isa = PBXSourcesBuildPhase;
			buildActionMask = 2147483647;
			files = (
				17BD2FFD1AA87F83003C9470 /* WYTestViewController.m in Sources */,
				17BD2FD21AA87724003C9470 /* ViewController.m in Sources */,
				17BD2FFA1AA87F69003C9470 /* WYNavigationController.m in Sources */,
				17BD30001AA884E1003C9470 /* WYBaswViewController.m in Sources */,
				17BD30031AA899AF003C9470 /* WYActivity.m in Sources */,
				17BD2FCF1AA87724003C9470 /* AppDelegate.m in Sources */,
				17BD30061AA8B528003C9470 /* WYApi.m in Sources */,
				17BD2FCC1AA87724003C9470 /* main.m in Sources */,
				17BD2FF71AA87818003C9470 /* WYRootTabBarController.m in Sources */,
			);
			runOnlyForDeploymentPostprocessing = 0;
		};
		17BD2FDB1AA87724003C9470 /* Sources */ = {
			isa = PBXSourcesBuildPhase;
			buildActionMask = 2147483647;
			files = (
				17BD2FE61AA87724003C9470 /* wuyuTests.m in Sources */,
			);
			runOnlyForDeploymentPostprocessing = 0;
		};
/* End PBXSourcesBuildPhase section */

/* Begin PBXTargetDependency section */
		17BD2FE11AA87724003C9470 /* PBXTargetDependency */ = {
			isa = PBXTargetDependency;
			target = 17BD2FC51AA87724003C9470 /* wuyu */;
			targetProxy = 17BD2FE01AA87724003C9470 /* PBXContainerItemProxy */;
		};
/* End PBXTargetDependency section */

/* Begin PBXVariantGroup section */
		17BD2FD81AA87724003C9470 /* LaunchScreen.xib */ = {
			isa = PBXVariantGroup;
			children = (
				17BD2FD91AA87724003C9470 /* Base */,
			);
			name = LaunchScreen.xib;
			sourceTree = "<group>";
		};
/* End PBXVariantGroup section */

/* Begin XCBuildConfiguration section */
		17BD2FE71AA87724003C9470 /* Debug */ = {
			isa = XCBuildConfiguration;
			buildSettings = {
				ALWAYS_SEARCH_USER_PATHS = NO;
				CLANG_CXX_LANGUAGE_STANDARD = "gnu++0x";
				CLANG_CXX_LIBRARY = "libc++";
				CLANG_ENABLE_MODULES = YES;
				CLANG_ENABLE_OBJC_ARC = YES;
				CLANG_WARN_BOOL_CONVERSION = YES;
				CLANG_WARN_CONSTANT_CONVERSION = YES;
				CLANG_WARN_DIRECT_OBJC_ISA_USAGE = YES_ERROR;
				CLANG_WARN_EMPTY_BODY = YES;
				CLANG_WARN_ENUM_CONVERSION = YES;
				CLANG_WARN_INT_CONVERSION = YES;
				CLANG_WARN_OBJC_ROOT_CLASS = YES_ERROR;
				CLANG_WARN_UNREACHABLE_CODE = YES;
				CLANG_WARN__DUPLICATE_METHOD_MATCH = YES;
				"CODE_SIGN_IDENTITY[sdk=iphoneos*]" = "iPhone Developer";
				COPY_PHASE_STRIP = NO;
				ENABLE_STRICT_OBJC_MSGSEND = YES;
				GCC_C_LANGUAGE_STANDARD = gnu99;
				GCC_DYNAMIC_NO_PIC = NO;
				GCC_OPTIMIZATION_LEVEL = 0;
				GCC_PREPROCESSOR_DEFINITIONS = (
					"DEBUG=1",
					"$(inherited)",
				);
				GCC_SYMBOLS_PRIVATE_EXTERN = NO;
				GCC_WARN_64_TO_32_BIT_CONVERSION = YES;
				GCC_WARN_ABOUT_RETURN_TYPE = YES_ERROR;
				GCC_WARN_UNDECLARED_SELECTOR = YES;
				GCC_WARN_UNINITIALIZED_AUTOS = YES_AGGRESSIVE;
				GCC_WARN_UNUSED_FUNCTION = YES;
				GCC_WARN_UNUSED_VARIABLE = YES;
				IPHONEOS_DEPLOYMENT_TARGET = 8.1;
				MTL_ENABLE_DEBUG_INFO = YES;
				ONLY_ACTIVE_ARCH = YES;
				SDKROOT = iphoneos;
			};
			name = Debug;
		};
		17BD2FE81AA87724003C9470 /* Release */ = {
			isa = XCBuildConfiguration;
			buildSettings = {
				ALWAYS_SEARCH_USER_PATHS = NO;
				CLANG_CXX_LANGUAGE_STANDARD = "gnu++0x";
				CLANG_CXX_LIBRARY = "libc++";
				CLANG_ENABLE_MODULES = YES;
				CLANG_ENABLE_OBJC_ARC = YES;
				CLANG_WARN_BOOL_CONVERSION = YES;
				CLANG_WARN_CONSTANT_CONVERSION = YES;
				CLANG_WARN_DIRECT_OBJC_ISA_USAGE = YES_ERROR;
				CLANG_WARN_EMPTY_BODY = YES;
				CLANG_WARN_ENUM_CONVERSION = YES;
				CLANG_WARN_INT_CONVERSION = YES;
				CLANG_WARN_OBJC_ROOT_CLASS = YES_ERROR;
				CLANG_WARN_UNREACHABLE_CODE = YES;
				CLANG_WARN__DUPLICATE_METHOD_MATCH = YES;
				"CODE_SIGN_IDENTITY[sdk=iphoneos*]" = "iPhone Developer";
				COPY_PHASE_STRIP = YES;
				ENABLE_NS_ASSERTIONS = NO;
				ENABLE_STRICT_OBJC_MSGSEND = YES;
				GCC_C_LANGUAGE_STANDARD = gnu99;
				GCC_WARN_64_TO_32_BIT_CONVERSION = YES;
				GCC_WARN_ABOUT_RETURN_TYPE = YES_ERROR;
				GCC_WARN_UNDECLARED_SELECTOR = YES;
				GCC_WARN_UNINITIALIZED_AUTOS = YES_AGGRESSIVE;
				GCC_WARN_UNUSED_FUNCTION = YES;
				GCC_WARN_UNUSED_VARIABLE = YES;
				IPHONEOS_DEPLOYMENT_TARGET = 8.1;
				MTL_ENABLE_DEBUG_INFO = NO;
				SDKROOT = iphoneos;
				VALIDATE_PRODUCT = YES;
			};
			name = Release;
		};
		17BD2FEA1AA87724003C9470 /* Debug */ = {
			isa = XCBuildConfiguration;
			baseConfigurationReference = D62237C1C66812E65A6F23E1 /* Pods.debug.xcconfig */;
			buildSettings = {
				ASSETCATALOG_COMPILER_APPICON_NAME = AppIcon;
				INFOPLIST_FILE = wuyu/Info.plist;
				LD_RUNPATH_SEARCH_PATHS = "$(inherited) @executable_path/Frameworks";
				PRODUCT_NAME = "$(TARGET_NAME)";
			};
			name = Debug;
		};
		17BD2FEB1AA87724003C9470 /* Release */ = {
			isa = XCBuildConfiguration;
			baseConfigurationReference = AFA07AFF94C73E118D0E4D64 /* Pods.release.xcconfig */;
			buildSettings = {
				ASSETCATALOG_COMPILER_APPICON_NAME = AppIcon;
				INFOPLIST_FILE = wuyu/Info.plist;
				LD_RUNPATH_SEARCH_PATHS = "$(inherited) @executable_path/Frameworks";
				PRODUCT_NAME = "$(TARGET_NAME)";
			};
			name = Release;
		};
		17BD2FED1AA87724003C9470 /* Debug */ = {
			isa = XCBuildConfiguration;
			buildSettings = {
				BUNDLE_LOADER = "$(TEST_HOST)";
				FRAMEWORK_SEARCH_PATHS = (
					"$(SDKROOT)/Developer/Library/Frameworks",
					"$(inherited)",
				);
				GCC_PREPROCESSOR_DEFINITIONS = (
					"DEBUG=1",
					"$(inherited)",
				);
				INFOPLIST_FILE = wuyuTests/Info.plist;
				LD_RUNPATH_SEARCH_PATHS = "$(inherited) @executable_path/Frameworks @loader_path/Frameworks";
				PRODUCT_NAME = "$(TARGET_NAME)";
				TEST_HOST = "$(BUILT_PRODUCTS_DIR)/wuyu.app/wuyu";
			};
			name = Debug;
		};
		17BD2FEE1AA87724003C9470 /* Release */ = {
			isa = XCBuildConfiguration;
			buildSettings = {
				BUNDLE_LOADER = "$(TEST_HOST)";
				FRAMEWORK_SEARCH_PATHS = (
					"$(SDKROOT)/Developer/Library/Frameworks",
					"$(inherited)",
				);
				INFOPLIST_FILE = wuyuTests/Info.plist;
				LD_RUNPATH_SEARCH_PATHS = "$(inherited) @executable_path/Frameworks @loader_path/Frameworks";
				PRODUCT_NAME = "$(TARGET_NAME)";
				TEST_HOST = "$(BUILT_PRODUCTS_DIR)/wuyu.app/wuyu";
			};
			name = Release;
		};
/* End XCBuildConfiguration section */

/* Begin XCConfigurationList section */
		17BD2FC11AA87724003C9470 /* Build configuration list for PBXProject "wuyu" */ = {
			isa = XCConfigurationList;
			buildConfigurations = (
				17BD2FE71AA87724003C9470 /* Debug */,
				17BD2FE81AA87724003C9470 /* Release */,
			);
			defaultConfigurationIsVisible = 0;
			defaultConfigurationName = Release;
		};
		17BD2FE91AA87724003C9470 /* Build configuration list for PBXNativeTarget "wuyu" */ = {
			isa = XCConfigurationList;
			buildConfigurations = (
				17BD2FEA1AA87724003C9470 /* Debug */,
				17BD2FEB1AA87724003C9470 /* Release */,
			);
			defaultConfigurationIsVisible = 0;
			defaultConfigurationName = Release;
		};
		17BD2FEC1AA87724003C9470 /* Build configuration list for PBXNativeTarget "wuyuTests" */ = {
			isa = XCConfigurationList;
			buildConfigurations = (
				17BD2FED1AA87724003C9470 /* Debug */,
				17BD2FEE1AA87724003C9470 /* Release */,
			);
			defaultConfigurationIsVisible = 0;
			defaultConfigurationName = Release;
		};
/* End XCConfigurationList section */
	};
	rootObject = 17BD2FBE1AA87724003C9470 /* Project object */;
}
